
Microsoft Visual Studio Solution File, Format Version 12.00
# Visual Studio Version 17
VisualStudioVersion = 17.6.33712.159
MinimumVisualStudioVersion = 10.0.40219.1
Project("{FAE04EC0-301F-11D3-BF4B-00C04F79EFBC}") = "InsertionSort", "InsertionSort\InsertionSort.csproj", "{72DF23D3-CC11-4913-87AE-3F2B7D2DAF98}"
EndProject
Global
	GlobalSection(SolutionConfigurationPlatforms) = preSolution
		Debug|Any CPU = Debug|Any CPU
		Release|Any CPU = Release|Any CPU
	EndGlobalSection
	GlobalSection(ProjectConfigurationPlatforms) = postSolution
		{72DF23D3-CC11-4913-87AE-3F2B7D2DAF98}.Debug|Any CPU.ActiveCfg = Debug|Any CPU
		{72DF23D3-CC11-4913-87AE-3F2B7D2DAF98}.Debug|Any CPU.Build.0 = Debug|Any CPU
		{72DF23D3-CC11-4913-87AE-3F2B7D2DAF98}.Release|Any CPU.ActiveCfg = Release|Any CPU
		{72DF23D3-CC11-4913-87AE-3F2B7D2DAF98}.Release|Any CPU.Build.0 = Release|Any CPU
	EndGlobalSection
	GlobalSection(SolutionProperties) = preSolution
		HideSolutionNode = FALSE
	EndGlobalSection
	GlobalSection(ExtensibilityGlobals) = postSolution
		SolutionGuid = {00846ECD-7B4D-4289-8CE7-0115E295B47E}
	EndGlobalSection
EndGlobal
